<?xml version="1.0" encoding="UTF-8" standalone="yes" ?>
<CodeBlocks_project_file>
	<FileVersion major="1" minor="6" />
	<Project>
		<Option title="Datalab" />
		<Option pch_mode="2" />
		<Option compiler="gcc" />
		<Build>
			<Target title="Debug">
				<Option output="bin/Debug/Datalab" prefix_auto="1" extension_auto="1" />
				<Option object_output="obj/Debug/" />
				<Option type="1" />
				<Option compiler="gcc" />
				<Compiler>
					<Add option="-g" />
				</Compiler>
			</Target>
			<Target title="Release">
				<Option output="bin/Release/Datalab" prefix_auto="1" extension_auto="1" />
				<Option object_output="obj/Release/" />
				<Option type="1" />
				<Option compiler="gcc" />
				<Compiler>
					<Add option="-O2" />
				</Compiler>
				<Linker>
					<Add option="-s" />
				</Linker>
			</Target>
		</Build>
		<Compiler>
			<Add option="-Wall" />
		</Compiler>
		<Unit filename="Driverhdrs.pm" />
		<Unit filename="Driverlib.pm" />
		<Unit filename="Makefile" />
		<Unit filename="README" />
		<Unit filename="bits.c">
			<Option compilerVar="CC" />
		</Unit>
		<Unit filename="bits.h" />
		<Unit filename="btest.c">
			<Option compilerVar="CC" />
		</Unit>
		<Unit filename="btest.h" />
		<Unit filename="datalab.pdf" />
		<Unit filename="decl.c">
			<Option compilerVar="CC" />
		</Unit>
		<Unit filename="dlc" />
		<Unit filename="driver.pl" />
		<Unit filename="fshow.c">
			<Option compilerVar="CC" />
		</Unit>
		<Unit filename="ishow.c">
			<Option compilerVar="CC" />
		</Unit>
		<Unit filename="tests.c">
			<Option compilerVar="CC" />
		</Unit>
		<Extensions>
			<code_completion />
			<envvars />
			<debugger />
		</Extensions>
	</Project>
</CodeBlocks_project_file>
